{
  "lockfile_version": "1",
  "packages": {
    "github:NixOS/nixpkgs/nixpkgs-unstable": {
      "last_modified": "2025-05-01T00:57:16Z",
      "resolved": "github:NixOS/nixpkgs/3afd19146cac33ed242fc0fc87481c67c758a59e?lastModified=1746061036&narHash=sha256-OxYwCGJf9VJ2KnUO%2Bw%2FhVJVTjOgscdDg%2FlPv8Eus07Y%3D"
    },
    "go-migrate@4.18.1": {
      "last_modified": "2025-01-19T08:16:51Z",
      "resolved": "github:NixOS/nixpkgs/50165c4f7eb48ce82bd063e1fb8047a0f515f8ce#go-migrate",
      "source": "devbox-search",
      "version": "4.18.1",
      "systems": {
        "aarch64-darwin": {
          "outputs": [
            {
              "name": "out",
              "path": "/nix/store/sj424z95pc18v54214isrvq21lyn7gkh-go-migrate-4.18.1",
              "default": true
            }
          ],
          "store_path": "/nix/store/sj424z95pc18v54214isrvq21lyn7gkh-go-migrate-4.18.1"
        },
        "aarch64-linux": {
          "outputs": [
            {
              "name": "out",
              "path": "/nix/store/4gs87bydy1mavpk71mm0plbqvi4j5xfn-go-migrate-4.18.1",
              "default": true
            }
          ],
          "store_path": "/nix/store/4gs87bydy1mavpk71mm0plbqvi4j5xfn-go-migrate-4.18.1"
        },
        "x86_64-darwin": {
          "outputs": [
            {
              "name": "out",
              "path": "/nix/store/2znm3izriiairky6128fwmcvp0n1fydf-go-migrate-4.18.1",
              "default": true
            }
          ],
          "store_path": "/nix/store/2znm3izriiairky6128fwmcvp0n1fydf-go-migrate-4.18.1"
        },
        "x86_64-linux": {
          "outputs": [
            {
              "name": "out",
              "path": "/nix/store/62gica1gc32qg8g51v6p60m43f8c9wmq-go-migrate-4.18.1",
              "default": true
            }
          ],
          "store_path": "/nix/store/62gica1gc32qg8g51v6p60m43f8c9wmq-go-migrate-4.18.1"
        }
      }
    },
    "go@1.23.4": {
      "last_modified": "2025-01-19T08:16:51Z",
      "resolved": "github:NixOS/nixpkgs/50165c4f7eb48ce82bd063e1fb8047a0f515f8ce#go",
      "source": "devbox-search",
      "version": "1.23.4",
      "systems": {
        "aarch64-darwin": {
          "outputs": [
            {
              "name": "out",
              "path": "/nix/store/lg7l1czmd5hqwwhjszprdz342q98zmkw-go-1.23.4",
              "default": true
            }
          ],
          "store_path": "/nix/store/lg7l1czmd5hqwwhjszprdz342q98zmkw-go-1.23.4"
        },
        "aarch64-linux": {
          "outputs": [
            {
              "name": "out",
              "path": "/nix/store/2x7k6yj9z37s3d3x5j3kkz6bcak8k9qr-go-1.23.4",
              "default": true
            }
          ],
          "store_path": "/nix/store/2x7k6yj9z37s3d3x5j3kkz6bcak8k9qr-go-1.23.4"
        },
        "x86_64-darwin": {
          "outputs": [
            {
              "name": "out",
              "path": "/nix/store/8x0ag0v37rfy9z58a8yy3hakj3dzdr9c-go-1.23.4",
              "default": true
            }
          ],
          "store_path": "/nix/store/8x0ag0v37rfy9z58a8yy3hakj3dzdr9c-go-1.23.4"
        },
        "x86_64-linux": {
          "outputs": [
            {
              "name": "out",
              "path": "/nix/store/0b6vsy4fa4i4qpk1011hi6251nwdg5y8-go-1.23.4",
              "default": true
            }
          ],
          "store_path": "/nix/store/0b6vsy4fa4i4qpk1011hi6251nwdg5y8-go-1.23.4"
        }
      }
    },
    "parallel@20241222": {
      "last_modified": "2025-01-19T08:16:51Z",
      "resolved": "github:NixOS/nixpkgs/50165c4f7eb48ce82bd063e1fb8047a0f515f8ce#parallel",
      "source": "devbox-search",
      "version": "20241222",
      "systems": {
        "aarch64-darwin": {
          "outputs": [
            {
              "name": "out",
              "path": "/nix/store/522qsmr746xqsw1vqhl7l5981cjsqjh8-parallel-20241222",
              "default": true
            },
            {
              "name": "man",
              "path": "/nix/store/qi9qglfsp70wnwjv8dvdr54nmi5id1rc-parallel-20241222-man",
              "default": true
            },
            {
              "name": "doc",
              "path": "/nix/store/v480xik97wl4d6s6mwkaafa1ivrnnakj-parallel-20241222-doc"
            }
          ],
          "store_path": "/nix/store/522qsmr746xqsw1vqhl7l5981cjsqjh8-parallel-20241222"
        },
        "aarch64-linux": {
          "outputs": [
            {
              "name": "out",
              "path": "/nix/store/y1jh35dwgpvk2j75h0k84mqjs4x7nbby-parallel-20241222",
              "default": true
            },
            {
              "name": "man",
              "path": "/nix/store/isjgnmhc01izkl0h9m3744gqa94idjyq-parallel-20241222-man",
              "default": true
            },
            {
              "name": "doc",
              "path": "/nix/store/zrk3yrc1nvbsjzg8vrs7z5gl0nv23v5w-parallel-20241222-doc"
            }
          ],
          "store_path": "/nix/store/y1jh35dwgpvk2j75h0k84mqjs4x7nbby-parallel-20241222"
        },
        "x86_64-darwin": {
          "outputs": [
            {
              "name": "out",
              "path": "/nix/store/v9k4mk763fflw6as87qhsk9zfhqavh93-parallel-20241222",
              "default": true
            },
            {
              "name": "man",
              "path": "/nix/store/hwc2h3iljcqgi58rq5bzmms290wfawxg-parallel-20241222-man",
              "default": true
            },
            {
              "name": "doc",
              "path": "/nix/store/lhz0xrwry5p7rsi094psvgx611k0n5zr-parallel-20241222-doc"
            }
          ],
          "store_path": "/nix/store/v9k4mk763fflw6as87qhsk9zfhqavh93-parallel-20241222"
        },
        "x86_64-linux": {
          "outputs": [
            {
              "name": "out",
              "path": "/nix/store/bx1sgs27hshz3bsmr5y9gdl74dg2dvvn-parallel-20241222",
              "default": true
            },
            {
              "name": "man",
              "path": "/nix/store/x1ylmfq5f8bbsj0l28j23k5vi3rl6vrv-parallel-20241222-man",
              "default": true
            },
            {
              "name": "doc",
              "path": "/nix/store/snbgfxp6bng0y6mrbsg5flp7xsrcfaxs-parallel-20241222-doc"
            }
          ],
          "store_path": "/nix/store/bx1sgs27hshz3bsmr5y9gdl74dg2dvvn-parallel-20241222"
        }
      }
    },
    "postgresql@17.2": {
      "last_modified": "2025-02-20T02:45:56Z",
      "plugin_version": "0.0.2",
      "resolved": "github:NixOS/nixpkgs/dad564433178067be1fbdfcce23b546254b6d641#postgresql",
      "source": "devbox-search",
      "version": "17.2",
      "systems": {
        "aarch64-darwin": {
          "outputs": [
            {
              "name": "out",
              "path": "/nix/store/1pwf93b61vr8knzsz0imsq90w6pfc3a9-postgresql-17.2",
              "default": true
            },
            {
              "name": "man",
              "path": "/nix/store/6nskjs58338vdv75y0xs99w5z64wlnir-postgresql-17.2-man",
              "default": true
            },
            {
              "name": "lib",
              "path": "/nix/store/gqip84495xjajpl8qk3n3c8qpqc1jfg0-postgresql-17.2-lib"
            },
            {
              "name": "dev",
              "path": "/nix/store/j31c0r32p9c705481syic36wf89xwc9m-postgresql-17.2-dev"
            },
            {
              "name": "doc",
              "path": "/nix/store/g2fky1xwlwlpbm1z4wz79r3q97wnqj2y-postgresql-17.2-doc"
            }
          ],
          "store_path": "/nix/store/1pwf93b61vr8knzsz0imsq90w6pfc3a9-postgresql-17.2"
        },
        "aarch64-linux": {
          "outputs": [
            {
              "name": "out",
              "path": "/nix/store/6y9w0b551j2d48h1l9crjv45frjad8if-postgresql-17.2",
              "default": true
            },
            {
              "name": "man",
              "path": "/nix/store/k4mh9nmhglchjjx791v716zcb78m9fb8-postgresql-17.2-man",
              "default": true
            },
            {
              "name": "debug",
              "path": "/nix/store/059kmvan7ji9kn8xa72by1nf57cd9dyv-postgresql-17.2-debug"
            },
            {
              "name": "dev",
              "path": "/nix/store/z3bb6ajnmdfgz8p3kpmv2dsm5r972jr3-postgresql-17.2-dev"
            },
            {
              "name": "doc",
              "path": "/nix/store/f0bisfj86dqq9rz9cd90jx2lp4yxnz1a-postgresql-17.2-doc"
            },
            {
              "name": "lib",
              "path": "/nix/store/5sn88ybrys75gklhw21c81m7jwdgm1y9-postgresql-17.2-lib"
            }
          ],
          "store_path": "/nix/store/6y9w0b551j2d48h1l9crjv45frjad8if-postgresql-17.2"
        },
        "x86_64-darwin": {
          "outputs": [
            {
              "name": "out",
              "path": "/nix/store/qdpki2j117g1hn3d4bxlmzw5ygxja7x2-postgresql-17.2",
              "default": true
            },
            {
              "name": "man",
              "path": "/nix/store/r8c8818bdqq1qa2b29qb5vnnb359qk0b-postgresql-17.2-man",
              "default": true
            },
            {
              "name": "dev",
              "path": "/nix/store/clr7mw9wd44nzmnmzfafnj8a35iha5aq-postgresql-17.2-dev"
            },
            {
              "name": "doc",
              "path": "/nix/store/x82b0w0b74dk5pxm862cmggd80sc759w-postgresql-17.2-doc"
            },
            {
              "name": "lib",
              "path": "/nix/store/bdwfmv01vfi9csfgxcl32ylj874cxap0-postgresql-17.2-lib"
            }
          ],
          "store_path": "/nix/store/qdpki2j117g1hn3d4bxlmzw5ygxja7x2-postgresql-17.2"
        },
        "x86_64-linux": {
          "outputs": [
            {
              "name": "out",
              "path": "/nix/store/xwbdn2l153f3lxd4f09ilgpngbbhvvlb-postgresql-17.2",
              "default": true
            },
            {
              "name": "man",
              "path": "/nix/store/s1j1fdm3n2w96jyspnz0gb4nbsd51pgk-postgresql-17.2-man",
              "default": true
            },
            {
              "name": "dev",
              "path": "/nix/store/lds1190zlm9ydsmd5byxbz4ifl393myx-postgresql-17.2-dev"
            },
            {
              "name": "doc",
              "path": "/nix/store/4bcfji6rh4qffh1bidy1ddm7ndbd9z9b-postgresql-17.2-doc"
            },
            {
              "name": "lib",
              "path": "/nix/store/shyk39i057hcsmkj2gf2zz5wa01h44h5-postgresql-17.2-lib"
            },
            {
              "name": "debug",
              "path": "/nix/store/fypyhdc73zczyyrd9ar15gly43gf7m9p-postgresql-17.2-debug"
            }
          ],
          "store_path": "/nix/store/xwbdn2l153f3lxd4f09ilgpngbbhvvlb-postgresql-17.2"
        }
      }
    }
  }
}
